
Microsoft Visual Studio Solution File, Format Version 12.00
# Visual Studio Version 16
VisualStudioVersion = 16.0.31702.278
MinimumVisualStudioVersion = 10.0.40219.1
Project("{FAE04EC0-301F-11D3-BF4B-00C04F79EFBC}") = "CursoWindowsForms", "CursoWindowsForms\CursoWindowsForms.csproj", "{FF8AE5A0-37DB-4078-BBBA-749C7BB09512}"
EndProject
Global
	GlobalSection(SolutionConfigurationPlatforms) = preSolution
		Debug|Any CPU = Debug|Any CPU
		Release|Any CPU = Release|Any CPU
	EndGlobalSection
	GlobalSection(ProjectConfigurationPlatforms) = postSolution
		{FF8AE5A0-37DB-4078-BBBA-749C7BB09512}.Debug|Any CPU.ActiveCfg = Debug|Any CPU
		{FF8AE5A0-37DB-4078-BBBA-749C7BB09512}.Debug|Any CPU.Build.0 = Debug|Any CPU
		{FF8AE5A0-37DB-4078-BBBA-749C7BB09512}.Release|Any CPU.ActiveCfg = Release|Any CPU
		{FF8AE5A0-37DB-4078-BBBA-749C7BB09512}.Release|Any CPU.Build.0 = Release|Any CPU
	EndGlobalSection
	GlobalSection(SolutionProperties) = preSolution
		HideSolutionNode = FALSE
	EndGlobalSection
	GlobalSection(ExtensibilityGlobals) = postSolution
		SolutionGuid = {5637A085-2971-4647-B309-5E6F90DA6F6F}
	EndGlobalSection
EndGlobal
